
Microsoft Visual Studio Solution File, Format Version 12.00
# Visual Studio Version 17
VisualStudioVersion = 17.4.33403.182
MinimumVisualStudioVersion = 10.0.40219.1
Project("{FAE04EC0-301F-11D3-BF4B-00C04F79EFBC}") = "GeneratorDocs", "GeneratorDocs\GeneratorDocs.csproj", "{AC6436FB-FE72-42A4-BF36-57EF07E1B6B9}"
EndProject
Global
	GlobalSection(SolutionConfigurationPlatforms) = preSolution
		Debug|Any CPU = Debug|Any CPU
		Release|Any CPU = Release|Any CPU
	EndGlobalSection
	GlobalSection(ProjectConfigurationPlatforms) = postSolution
		{AC6436FB-FE72-42A4-BF36-57EF07E1B6B9}.Debug|Any CPU.ActiveCfg = Debug|Any CPU
		{AC6436FB-FE72-42A4-BF36-57EF07E1B6B9}.Debug|Any CPU.Build.0 = Debug|Any CPU
		{AC6436FB-FE72-42A4-BF36-57EF07E1B6B9}.Release|Any CPU.ActiveCfg = Release|Any CPU
		{AC6436FB-FE72-42A4-BF36-57EF07E1B6B9}.Release|Any CPU.Build.0 = Release|Any CPU
	EndGlobalSection
	GlobalSection(SolutionProperties) = preSolution
		HideSolutionNode = FALSE
	EndGlobalSection
	GlobalSection(ExtensibilityGlobals) = postSolution
		SolutionGuid = {060A140B-66FA-4AFB-BC0C-A62FD53031BC}
	EndGlobalSection
EndGlobal
